﻿
Microsoft Visual Studio Solution File, Format Version 12.00
# Visual Studio Version 17
VisualStudioVersion = 17.0.31903.59
MinimumVisualStudioVersion = 10.0.40219.1
Project("{2150E333-8FDC-42A3-9474-1A3956D46DE8}") = "Components", "Components", "{CCE02961-4FBF-40BF-B2B6-8982462F0909}"
EndProject
Project("{2150E333-8FDC-42A3-9474-1A3956D46DE8}") = "Control", "Control", "{47D5421A-6A7E-4876-9141-8C513ED145DD}"
EndProject
Project("{FAE04EC0-301F-11D3-BF4B-00C04F79EFBC}") = "LiveSplit.AutoSplittingRuntime", "Components\LiveSplit.AutoSplittingRuntime\LiveSplit.AutoSplittingRuntime.csproj", "{3A74E85A-C6A8-410B-9AB4-B76BFE58DF0D}"
EndProject
Project("{FAE04EC0-301F-11D3-BF4B-00C04F79EFBC}") = "LiveSplit.ManualGameTime", "Components\LiveSplit.ManualGameTime\LiveSplit.ManualGameTime.csproj", "{121186C6-D768-4839-BB3C-D86C84EB60BA}"
EndProject
Project("{FAE04EC0-301F-11D3-BF4B-00C04F79EFBC}") = "LiveSplit.ScriptableAutoSplit", "Components\LiveSplit.ScriptableAutoSplit\LiveSplit.ScriptableAutoSplit.csproj", "{148662A8-C86A-4267-8ABF-F0B57037272C}"
EndProject
Project("{2150E333-8FDC-42A3-9474-1A3956D46DE8}") = "Information", "Information", "{3A3C7035-1C1F-462D-B388-291BEF33000D}"
EndProject
Project("{FAE04EC0-301F-11D3-BF4B-00C04F79EFBC}") = "LiveSplit.CurrentComparison", "Components\LiveSplit.CurrentComparison\LiveSplit.CurrentComparison.csproj", "{D773B588-652D-4EA0-AD7A-BDEF4B5BD25B}"
EndProject
Project("{FAE04EC0-301F-11D3-BF4B-00C04F79EFBC}") = "LiveSplit.Delta", "Components\LiveSplit.Delta\LiveSplit.Delta.csproj", "{55894E24-BDD7-4F49-AED8-9C3F804766F0}"
EndProject
Project("{FAE04EC0-301F-11D3-BF4B-00C04F79EFBC}") = "LiveSplit.PossibleTimeSave", "Components\LiveSplit.PossibleTimeSave\LiveSplit.PossibleTimeSave.csproj", "{342F5A83-7DA9-4AB6-A7BA-31B1C98CAE00}"
EndProject
Project("{FAE04EC0-301F-11D3-BF4B-00C04F79EFBC}") = "LiveSplit.PreviousSegment", "Components\LiveSplit.PreviousSegment\LiveSplit.PreviousSegment.csproj", "{BF48A8B7-109A-4970-92FC-0E5155422FC5}"
EndProject
Project("{FAE04EC0-301F-11D3-BF4B-00C04F79EFBC}") = "LiveSplit.RunPrediction", "Components\LiveSplit.RunPrediction\LiveSplit.RunPrediction.csproj", "{D9E6393B-150E-4D5C-802C-B0D5BD169368}"
EndProject
Project("{FAE04EC0-301F-11D3-BF4B-00C04F79EFBC}") = "LiveSplit.SumOfBest", "Components\LiveSplit.SumOfBest\LiveSplit.SumOfBest.csproj", "{EA7BF68F-9719-4078-896C-1F1E837CEC31}"
EndProject
Project("{FAE04EC0-301F-11D3-BF4B-00C04F79EFBC}") = "LiveSplit.Text", "Components\LiveSplit.Text\LiveSplit.Text.csproj", "{EE47DC13-2D24-4AAF-912B-F57B79B65386}"
EndProject
Project("{FAE04EC0-301F-11D3-BF4B-00C04F79EFBC}") = "LiveSplit.Title", "Components\LiveSplit.Title\LiveSplit.Title.csproj", "{91D84354-3346-46DC-9CAB-93DFF1F58BF6}"
EndProject
Project("{FAE04EC0-301F-11D3-BF4B-00C04F79EFBC}") = "LiveSplit.TotalPlaytime", "Components\LiveSplit.TotalPlaytime\LiveSplit.TotalPlaytime.csproj", "{E3555DFB-8722-4A3C-8532-F140627D3226}"
EndProject
Project("{FAE04EC0-301F-11D3-BF4B-00C04F79EFBC}") = "LiveSplit.WorldRecord", "Components\LiveSplit.WorldRecord\LiveSplit.WorldRecord.csproj", "{D1E39041-EA68-414C-9C52-98BC1C1C5E25}"
EndProject
Project("{2150E333-8FDC-42A3-9474-1A3956D46DE8}") = "List", "List", "{DB5D73B6-0B6B-4E87-AA0A-1170FBE61274}"
EndProject
Project("{FAE04EC0-301F-11D3-BF4B-00C04F79EFBC}") = "LiveSplit.Splits", "Components\LiveSplit.Splits\LiveSplit.Splits.csproj", "{29FCBBD3-AECD-4E9B-A88B-81F1A2A34488}"
EndProject
Project("{FAE04EC0-301F-11D3-BF4B-00C04F79EFBC}") = "LiveSplit.Subsplits", "Components\LiveSplit.Subsplits\LiveSplit.Subsplits.csproj", "{0A1A33C4-682C-4638-A67B-A4DFDF094C3F}"
EndProject
Project("{2150E333-8FDC-42A3-9474-1A3956D46DE8}") = "Media", "Media", "{36F5A6EF-35FC-409B-BCE0-D38E92F53EA4}"
EndProject
Project("{FAE04EC0-301F-11D3-BF4B-00C04F79EFBC}") = "LiveSplit.Graph", "Components\LiveSplit.Graph\LiveSplit.Graph.csproj", "{E6BCC49D-E6BA-4E4E-AA69-42E37D07B2AC}"
EndProject
Project("{FAE04EC0-301F-11D3-BF4B-00C04F79EFBC}") = "LiveSplit.Sound", "Components\LiveSplit.Sound\LiveSplit.Sound.csproj", "{42179497-127A-4F0E-BE27-8655FB218FDE}"
EndProject
Project("{FAE04EC0-301F-11D3-BF4B-00C04F79EFBC}") = "LiveSplit.Video", "Components\LiveSplit.Video\LiveSplit.Video.csproj", "{59637D64-B12A-4129-B0BD-3F0E40FF9938}"
EndProject
Project("{2150E333-8FDC-42A3-9474-1A3956D46DE8}") = "Other", "Other", "{EE292569-BD0A-4F22-BD2E-1202B33CA83E}"
EndProject
Project("{FAE04EC0-301F-11D3-BF4B-00C04F79EFBC}") = "LiveSplit.BlankSpace", "Components\LiveSplit.BlankSpace\LiveSplit.BlankSpace.csproj", "{D0F9DB4C-32DB-4CDC-BB39-CFFCA78B75DE}"
EndProject
Project("{FAE04EC0-301F-11D3-BF4B-00C04F79EFBC}") = "LiveSplit.Counter", "Components\LiveSplit.Counter\LiveSplit.Counter.csproj", "{26C33094-FD58-4C67-BD12-A58F15258396}"
EndProject
Project("{FAE04EC0-301F-11D3-BF4B-00C04F79EFBC}") = "LiveSplit.HotkeyIndicator", "Components\LiveSplit.HotkeyIndicator\LiveSplit.HotkeyIndicator.csproj", "{6B463D7F-FEDB-4AF5-8536-B6FECF9CA50F}"
EndProject
Project("{FAE04EC0-301F-11D3-BF4B-00C04F79EFBC}") = "LiveSplit.Racetime", "Components\LiveSplit.Racetime\LiveSplit.Racetime.csproj", "{10C74B50-B3A9-4D6F-BE4D-D4515F61A7E7}"
EndProject
Project("{FAE04EC0-301F-11D3-BF4B-00C04F79EFBC}") = "LiveSplit.TheRun", "Components\LiveSplit.TheRun\LiveSplit.TheRun.csproj", "{FD6723E9-5C48-4341-A49E-3F9FE240A106}"
EndProject
Project("{2150E333-8FDC-42A3-9474-1A3956D46DE8}") = "Timer", "Timer", "{CAE9FFAE-CAE9-4E18-9E59-83C8CDC2D330}"
EndProject
Project("{FAE04EC0-301F-11D3-BF4B-00C04F79EFBC}") = "LiveSplit.DetailedTimer", "Components\LiveSplit.DetailedTimer\LiveSplit.DetailedTimer.csproj", "{BD795636-66CF-46D7-86B2-3D0D4BBE2AB0}"
EndProject
Project("{FAE04EC0-301F-11D3-BF4B-00C04F79EFBC}") = "LiveSplit.Timer", "Components\LiveSplit.Timer\LiveSplit.Timer.csproj", "{00967C58-C705-4B8F-B6E5-1B04432CBC23}"
EndProject
Project("{2150E333-8FDC-42A3-9474-1A3956D46DE8}") = "Libs", "Libs", "{4850A037-C05C-4A26-A0B0-0E109663C7A8}"
EndProject
Project("{FAE04EC0-301F-11D3-BF4B-00C04F79EFBC}") = "SpeedrunComSharp", "Libs\SpeedrunComSharp\SpeedrunComSharp\SpeedrunComSharp.csproj", "{D97BA6C2-9B40-4E2D-8613-16FFFF031D8E}"
EndProject
Project("{FAE04EC0-301F-11D3-BF4B-00C04F79EFBC}") = "LiveSplit", "LiveSplit\LiveSplit.csproj", "{90F40652-B93F-43FD-93A8-A546E11A966A}"
EndProject
Project("{FAE04EC0-301F-11D3-BF4B-00C04F79EFBC}") = "LiveSplit.Core", "LiveSplit.Core\LiveSplit.Core.csproj", "{A521C00D-4D18-4DAC-B579-FA5739A2DD0F}"
EndProject
Project("{FAE04EC0-301F-11D3-BF4B-00C04F79EFBC}") = "LiveSplit.Register", "LiveSplit.Register\LiveSplit.Register.csproj", "{EBFF3994-0F59-4EF2-9723-2BFB38F048B8}"
EndProject
Project("{FAE04EC0-301F-11D3-BF4B-00C04F79EFBC}") = "LiveSplit.Tests", "LiveSplit.Tests\LiveSplit.Tests.csproj", "{82F0215A-B8D8-4A5C-9312-2ACCA4BE9A30}"
EndProject
Project("{FAE04EC0-301F-11D3-BF4B-00C04F79EFBC}") = "LiveSplit.View", "LiveSplit.View\LiveSplit.View.csproj", "{D0103953-6A87-4AF7-9C4B-9CDBB1005258}"
EndProject
Project("{FAE04EC0-301F-11D3-BF4B-00C04F79EFBC}") = "UpdateManager", "UpdateManager\UpdateManager.csproj", "{4D951C8A-C6CB-48D9-A136-01F90AB89C91}"
EndProject
Global
	GlobalSection(SolutionConfigurationPlatforms) = preSolution
		Debug|Any CPU = Debug|Any CPU
		Release|Any CPU = Release|Any CPU
	EndGlobalSection
	GlobalSection(ProjectConfigurationPlatforms) = postSolution
		{3A74E85A-C6A8-410B-9AB4-B76BFE58DF0D}.Debug|Any CPU.ActiveCfg = Debug|Any CPU
		{3A74E85A-C6A8-410B-9AB4-B76BFE58DF0D}.Debug|Any CPU.Build.0 = Debug|Any CPU
		{3A74E85A-C6A8-410B-9AB4-B76BFE58DF0D}.Release|Any CPU.ActiveCfg = Release|Any CPU
		{3A74E85A-C6A8-410B-9AB4-B76BFE58DF0D}.Release|Any CPU.Build.0 = Release|Any CPU
		{121186C6-D768-4839-BB3C-D86C84EB60BA}.Debug|Any CPU.ActiveCfg = Debug|Any CPU
		{121186C6-D768-4839-BB3C-D86C84EB60BA}.Debug|Any CPU.Build.0 = Debug|Any CPU
		{121186C6-D768-4839-BB3C-D86C84EB60BA}.Release|Any CPU.ActiveCfg = Release|Any CPU
		{121186C6-D768-4839-BB3C-D86C84EB60BA}.Release|Any CPU.Build.0 = Release|Any CPU
		{148662A8-C86A-4267-8ABF-F0B57037272C}.Debug|Any CPU.ActiveCfg = Debug|Any CPU
		{148662A8-C86A-4267-8ABF-F0B57037272C}.Debug|Any CPU.Build.0 = Debug|Any CPU
		{148662A8-C86A-4267-8ABF-F0B57037272C}.Release|Any CPU.ActiveCfg = Release|Any CPU
		{148662A8-C86A-4267-8ABF-F0B57037272C}.Release|Any CPU.Build.0 = Release|Any CPU
		{D773B588-652D-4EA0-AD7A-BDEF4B5BD25B}.Debug|Any CPU.ActiveCfg = Debug|Any CPU
		{D773B588-652D-4EA0-AD7A-BDEF4B5BD25B}.Debug|Any CPU.Build.0 = Debug|Any CPU
		{D773B588-652D-4EA0-AD7A-BDEF4B5BD25B}.Release|Any CPU.ActiveCfg = Release|Any CPU
		{D773B588-652D-4EA0-AD7A-BDEF4B5BD25B}.Release|Any CPU.Build.0 = Release|Any CPU
		{55894E24-BDD7-4F49-AED8-9C3F804766F0}.Debug|Any CPU.ActiveCfg = Debug|Any CPU
		{55894E24-BDD7-4F49-AED8-9C3F804766F0}.Debug|Any CPU.Build.0 = Debug|Any CPU
		{55894E24-BDD7-4F49-AED8-9C3F804766F0}.Release|Any CPU.ActiveCfg = Release|Any CPU
		{55894E24-BDD7-4F49-AED8-9C3F804766F0}.Release|Any CPU.Build.0 = Release|Any CPU
		{342F5A83-7DA9-4AB6-A7BA-31B1C98CAE00}.Debug|Any CPU.ActiveCfg = Debug|Any CPU
		{342F5A83-7DA9-4AB6-A7BA-31B1C98CAE00}.Debug|Any CPU.Build.0 = Debug|Any CPU
		{342F5A83-7DA9-4AB6-A7BA-31B1C98CAE00}.Release|Any CPU.ActiveCfg = Release|Any CPU
		{342F5A83-7DA9-4AB6-A7BA-31B1C98CAE00}.Release|Any CPU.Build.0 = Release|Any CPU
		{BF48A8B7-109A-4970-92FC-0E5155422FC5}.Debug|Any CPU.ActiveCfg = Debug|Any CPU
		{BF48A8B7-109A-4970-92FC-0E5155422FC5}.Debug|Any CPU.Build.0 = Debug|Any CPU
		{BF48A8B7-109A-4970-92FC-0E5155422FC5}.Release|Any CPU.ActiveCfg = Release|Any CPU
		{BF48A8B7-109A-4970-92FC-0E5155422FC5}.Release|Any CPU.Build.0 = Release|Any CPU
		{D9E6393B-150E-4D5C-802C-B0D5BD169368}.Debug|Any CPU.ActiveCfg = Debug|Any CPU
		{D9E6393B-150E-4D5C-802C-B0D5BD169368}.Debug|Any CPU.Build.0 = Debug|Any CPU
		{D9E6393B-150E-4D5C-802C-B0D5BD169368}.Release|Any CPU.ActiveCfg = Release|Any CPU
		{D9E6393B-150E-4D5C-802C-B0D5BD169368}.Release|Any CPU.Build.0 = Release|Any CPU
		{EA7BF68F-9719-4078-896C-1F1E837CEC31}.Debug|Any CPU.ActiveCfg = Debug|Any CPU
		{EA7BF68F-9719-4078-896C-1F1E837CEC31}.Debug|Any CPU.Build.0 = Debug|Any CPU
		{EA7BF68F-9719-4078-896C-1F1E837CEC31}.Release|Any CPU.ActiveCfg = Release|Any CPU
		{EA7BF68F-9719-4078-896C-1F1E837CEC31}.Release|Any CPU.Build.0 = Release|Any CPU
		{EE47DC13-2D24-4AAF-912B-F57B79B65386}.Debug|Any CPU.ActiveCfg = Debug|Any CPU
		{EE47DC13-2D24-4AAF-912B-F57B79B65386}.Debug|Any CPU.Build.0 = Debug|Any CPU
		{EE47DC13-2D24-4AAF-912B-F57B79B65386}.Release|Any CPU.ActiveCfg = Release|Any CPU
		{EE47DC13-2D24-4AAF-912B-F57B79B65386}.Release|Any CPU.Build.0 = Release|Any CPU
		{91D84354-3346-46DC-9CAB-93DFF1F58BF6}.Debug|Any CPU.ActiveCfg = Debug|Any CPU
		{91D84354-3346-46DC-9CAB-93DFF1F58BF6}.Debug|Any CPU.Build.0 = Debug|Any CPU
		{91D84354-3346-46DC-9CAB-93DFF1F58BF6}.Release|Any CPU.ActiveCfg = Release|Any CPU
		{91D84354-3346-46DC-9CAB-93DFF1F58BF6}.Release|Any CPU.Build.0 = Release|Any CPU
		{E3555DFB-8722-4A3C-8532-F140627D3226}.Debug|Any CPU.ActiveCfg = Debug|Any CPU
		{E3555DFB-8722-4A3C-8532-F140627D3226}.Debug|Any CPU.Build.0 = Debug|Any CPU
		{E3555DFB-8722-4A3C-8532-F140627D3226}.Release|Any CPU.ActiveCfg = Release|Any CPU
		{E3555DFB-8722-4A3C-8532-F140627D3226}.Release|Any CPU.Build.0 = Release|Any CPU
		{D1E39041-EA68-414C-9C52-98BC1C1C5E25}.Debug|Any CPU.ActiveCfg = Debug|Any CPU
		{D1E39041-EA68-414C-9C52-98BC1C1C5E25}.Debug|Any CPU.Build.0 = Debug|Any CPU
		{D1E39041-EA68-414C-9C52-98BC1C1C5E25}.Release|Any CPU.ActiveCfg = Release|Any CPU
		{D1E39041-EA68-414C-9C52-98BC1C1C5E25}.Release|Any CPU.Build.0 = Release|Any CPU
		{29FCBBD3-AECD-4E9B-A88B-81F1A2A34488}.Debug|Any CPU.ActiveCfg = Debug|Any CPU
		{29FCBBD3-AECD-4E9B-A88B-81F1A2A34488}.Debug|Any CPU.Build.0 = Debug|Any CPU
		{29FCBBD3-AECD-4E9B-A88B-81F1A2A34488}.Release|Any CPU.ActiveCfg = Release|Any CPU
		{29FCBBD3-AECD-4E9B-A88B-81F1A2A34488}.Release|Any CPU.Build.0 = Release|Any CPU
		{0A1A33C4-682C-4638-A67B-A4DFDF094C3F}.Debug|Any CPU.ActiveCfg = Debug|Any CPU
		{0A1A33C4-682C-4638-A67B-A4DFDF094C3F}.Debug|Any CPU.Build.0 = Debug|Any CPU
		{0A1A33C4-682C-4638-A67B-A4DFDF094C3F}.Release|Any CPU.ActiveCfg = Release|Any CPU
		{0A1A33C4-682C-4638-A67B-A4DFDF094C3F}.Release|Any CPU.Build.0 = Release|Any CPU
		{E6BCC49D-E6BA-4E4E-AA69-42E37D07B2AC}.Debug|Any CPU.ActiveCfg = Debug|Any CPU
		{E6BCC49D-E6BA-4E4E-AA69-42E37D07B2AC}.Debug|Any CPU.Build.0 = Debug|Any CPU
		{E6BCC49D-E6BA-4E4E-AA69-42E37D07B2AC}.Release|Any CPU.ActiveCfg = Release|Any CPU
		{E6BCC49D-E6BA-4E4E-AA69-42E37D07B2AC}.Release|Any CPU.Build.0 = Release|Any CPU
		{42179497-127A-4F0E-BE27-8655FB218FDE}.Debug|Any CPU.ActiveCfg = Debug|Any CPU
		{42179497-127A-4F0E-BE27-8655FB218FDE}.Debug|Any CPU.Build.0 = Debug|Any CPU
		{42179497-127A-4F0E-BE27-8655FB218FDE}.Release|Any CPU.ActiveCfg = Release|Any CPU
		{42179497-127A-4F0E-BE27-8655FB218FDE}.Release|Any CPU.Build.0 = Release|Any CPU
		{59637D64-B12A-4129-B0BD-3F0E40FF9938}.Debug|Any CPU.ActiveCfg = Debug|Any CPU
		{59637D64-B12A-4129-B0BD-3F0E40FF9938}.Debug|Any CPU.Build.0 = Debug|Any CPU
		{59637D64-B12A-4129-B0BD-3F0E40FF9938}.Release|Any CPU.ActiveCfg = Release|Any CPU
		{59637D64-B12A-4129-B0BD-3F0E40FF9938}.Release|Any CPU.Build.0 = Release|Any CPU
		{D0F9DB4C-32DB-4CDC-BB39-CFFCA78B75DE}.Debug|Any CPU.ActiveCfg = Debug|Any CPU
		{D0F9DB4C-32DB-4CDC-BB39-CFFCA78B75DE}.Debug|Any CPU.Build.0 = Debug|Any CPU
		{D0F9DB4C-32DB-4CDC-BB39-CFFCA78B75DE}.Release|Any CPU.ActiveCfg = Release|Any CPU
		{D0F9DB4C-32DB-4CDC-BB39-CFFCA78B75DE}.Release|Any CPU.Build.0 = Release|Any CPU
		{26C33094-FD58-4C67-BD12-A58F15258396}.Debug|Any CPU.ActiveCfg = Debug|Any CPU
		{26C33094-FD58-4C67-BD12-A58F15258396}.Debug|Any CPU.Build.0 = Debug|Any CPU
		{26C33094-FD58-4C67-BD12-A58F15258396}.Release|Any CPU.ActiveCfg = Release|Any CPU
		{26C33094-FD58-4C67-BD12-A58F15258396}.Release|Any CPU.Build.0 = Release|Any CPU
		{6B463D7F-FEDB-4AF5-8536-B6FECF9CA50F}.Debug|Any CPU.ActiveCfg = Debug|Any CPU
		{6B463D7F-FEDB-4AF5-8536-B6FECF9CA50F}.Debug|Any CPU.Build.0 = Debug|Any CPU
		{6B463D7F-FEDB-4AF5-8536-B6FECF9CA50F}.Release|Any CPU.ActiveCfg = Release|Any CPU
		{6B463D7F-FEDB-4AF5-8536-B6FECF9CA50F}.Release|Any CPU.Build.0 = Release|Any CPU
		{10C74B50-B3A9-4D6F-BE4D-D4515F61A7E7}.Debug|Any CPU.ActiveCfg = Debug|Any CPU
		{10C74B50-B3A9-4D6F-BE4D-D4515F61A7E7}.Debug|Any CPU.Build.0 = Debug|Any CPU
		{10C74B50-B3A9-4D6F-BE4D-D4515F61A7E7}.Release|Any CPU.ActiveCfg = Release|Any CPU
		{10C74B50-B3A9-4D6F-BE4D-D4515F61A7E7}.Release|Any CPU.Build.0 = Release|Any CPU
		{FD6723E9-5C48-4341-A49E-3F9FE240A106}.Debug|Any CPU.ActiveCfg = Debug|Any CPU
		{FD6723E9-5C48-4341-A49E-3F9FE240A106}.Debug|Any CPU.Build.0 = Debug|Any CPU
		{FD6723E9-5C48-4341-A49E-3F9FE240A106}.Release|Any CPU.ActiveCfg = Release|Any CPU
		{FD6723E9-5C48-4341-A49E-3F9FE240A106}.Release|Any CPU.Build.0 = Release|Any CPU
		{BD795636-66CF-46D7-86B2-3D0D4BBE2AB0}.Debug|Any CPU.ActiveCfg = Debug|Any CPU
		{BD795636-66CF-46D7-86B2-3D0D4BBE2AB0}.Debug|Any CPU.Build.0 = Debug|Any CPU
		{BD795636-66CF-46D7-86B2-3D0D4BBE2AB0}.Release|Any CPU.ActiveCfg = Release|Any CPU
		{BD795636-66CF-46D7-86B2-3D0D4BBE2AB0}.Release|Any CPU.Build.0 = Release|Any CPU
		{00967C58-C705-4B8F-B6E5-1B04432CBC23}.Debug|Any CPU.ActiveCfg = Debug|Any CPU
		{00967C58-C705-4B8F-B6E5-1B04432CBC23}.Debug|Any CPU.Build.0 = Debug|Any CPU
		{00967C58-C705-4B8F-B6E5-1B04432CBC23}.Release|Any CPU.ActiveCfg = Release|Any CPU
		{00967C58-C705-4B8F-B6E5-1B04432CBC23}.Release|Any CPU.Build.0 = Release|Any CPU
		{D97BA6C2-9B40-4E2D-8613-16FFFF031D8E}.Debug|Any CPU.ActiveCfg = Debug|Any CPU
		{D97BA6C2-9B40-4E2D-8613-16FFFF031D8E}.Debug|Any CPU.Build.0 = Debug|Any CPU
		{D97BA6C2-9B40-4E2D-8613-16FFFF031D8E}.Release|Any CPU.ActiveCfg = Release|Any CPU
		{D97BA6C2-9B40-4E2D-8613-16FFFF031D8E}.Release|Any CPU.Build.0 = Release|Any CPU
		{90F40652-B93F-43FD-93A8-A546E11A966A}.Debug|Any CPU.ActiveCfg = Debug|Any CPU
		{90F40652-B93F-43FD-93A8-A546E11A966A}.Debug|Any CPU.Build.0 = Debug|Any CPU
		{90F40652-B93F-43FD-93A8-A546E11A966A}.Release|Any CPU.ActiveCfg = Release|Any CPU
		{90F40652-B93F-43FD-93A8-A546E11A966A}.Release|Any CPU.Build.0 = Release|Any CPU
		{A521C00D-4D18-4DAC-B579-FA5739A2DD0F}.Debug|Any CPU.ActiveCfg = Debug|Any CPU
		{A521C00D-4D18-4DAC-B579-FA5739A2DD0F}.Debug|Any CPU.Build.0 = Debug|Any CPU
		{A521C00D-4D18-4DAC-B579-FA5739A2DD0F}.Release|Any CPU.ActiveCfg = Release|Any CPU
		{A521C00D-4D18-4DAC-B579-FA5739A2DD0F}.Release|Any CPU.Build.0 = Release|Any CPU
		{EBFF3994-0F59-4EF2-9723-2BFB38F048B8}.Debug|Any CPU.ActiveCfg = Debug|Any CPU
		{EBFF3994-0F59-4EF2-9723-2BFB38F048B8}.Debug|Any CPU.Build.0 = Debug|Any CPU
		{EBFF3994-0F59-4EF2-9723-2BFB38F048B8}.Release|Any CPU.ActiveCfg = Release|Any CPU
		{EBFF3994-0F59-4EF2-9723-2BFB38F048B8}.Release|Any CPU.Build.0 = Release|Any CPU
		{82F0215A-B8D8-4A5C-9312-2ACCA4BE9A30}.Debug|Any CPU.ActiveCfg = Debug|Any CPU
		{82F0215A-B8D8-4A5C-9312-2ACCA4BE9A30}.Debug|Any CPU.Build.0 = Debug|Any CPU
		{82F0215A-B8D8-4A5C-9312-2ACCA4BE9A30}.Release|Any CPU.ActiveCfg = Release|Any CPU
		{82F0215A-B8D8-4A5C-9312-2ACCA4BE9A30}.Release|Any CPU.Build.0 = Release|Any CPU
		{D0103953-6A87-4AF7-9C4B-9CDBB1005258}.Debug|Any CPU.ActiveCfg = Debug|Any CPU
		{D0103953-6A87-4AF7-9C4B-9CDBB1005258}.Debug|Any CPU.Build.0 = Debug|Any CPU
		{D0103953-6A87-4AF7-9C4B-9CDBB1005258}.Release|Any CPU.ActiveCfg = Release|Any CPU
		{D0103953-6A87-4AF7-9C4B-9CDBB1005258}.Release|Any CPU.Build.0 = Release|Any CPU
		{4D951C8A-C6CB-48D9-A136-01F90AB89C91}.Debug|Any CPU.ActiveCfg = Debug|Any CPU
		{4D951C8A-C6CB-48D9-A136-01F90AB89C91}.Debug|Any CPU.Build.0 = Debug|Any CPU
		{4D951C8A-C6CB-48D9-A136-01F90AB89C91}.Release|Any CPU.ActiveCfg = Release|Any CPU
		{4D951C8A-C6CB-48D9-A136-01F90AB89C91}.Release|Any CPU.Build.0 = Release|Any CPU
	EndGlobalSection
	GlobalSection(SolutionProperties) = preSolution
		HideSolutionNode = FALSE
	EndGlobalSection
	GlobalSection(NestedProjects) = preSolution
		{47D5421A-6A7E-4876-9141-8C513ED145DD} = {CCE02961-4FBF-40BF-B2B6-8982462F0909}
		{3A74E85A-C6A8-410B-9AB4-B76BFE58DF0D} = {47D5421A-6A7E-4876-9141-8C513ED145DD}
		{121186C6-D768-4839-BB3C-D86C84EB60BA} = {47D5421A-6A7E-4876-9141-8C513ED145DD}
		{148662A8-C86A-4267-8ABF-F0B57037272C} = {47D5421A-6A7E-4876-9141-8C513ED145DD}
		{3A3C7035-1C1F-462D-B388-291BEF33000D} = {CCE02961-4FBF-40BF-B2B6-8982462F0909}
		{D773B588-652D-4EA0-AD7A-BDEF4B5BD25B} = {3A3C7035-1C1F-462D-B388-291BEF33000D}
		{55894E24-BDD7-4F49-AED8-9C3F804766F0} = {3A3C7035-1C1F-462D-B388-291BEF33000D}
		{342F5A83-7DA9-4AB6-A7BA-31B1C98CAE00} = {3A3C7035-1C1F-462D-B388-291BEF33000D}
		{BF48A8B7-109A-4970-92FC-0E5155422FC5} = {3A3C7035-1C1F-462D-B388-291BEF33000D}
		{D9E6393B-150E-4D5C-802C-B0D5BD169368} = {3A3C7035-1C1F-462D-B388-291BEF33000D}
		{EA7BF68F-9719-4078-896C-1F1E837CEC31} = {3A3C7035-1C1F-462D-B388-291BEF33000D}
		{EE47DC13-2D24-4AAF-912B-F57B79B65386} = {3A3C7035-1C1F-462D-B388-291BEF33000D}
		{91D84354-3346-46DC-9CAB-93DFF1F58BF6} = {3A3C7035-1C1F-462D-B388-291BEF33000D}
		{E3555DFB-8722-4A3C-8532-F140627D3226} = {3A3C7035-1C1F-462D-B388-291BEF33000D}
		{D1E39041-EA68-414C-9C52-98BC1C1C5E25} = {3A3C7035-1C1F-462D-B388-291BEF33000D}
		{DB5D73B6-0B6B-4E87-AA0A-1170FBE61274} = {CCE02961-4FBF-40BF-B2B6-8982462F0909}
		{29FCBBD3-AECD-4E9B-A88B-81F1A2A34488} = {DB5D73B6-0B6B-4E87-AA0A-1170FBE61274}
		{0A1A33C4-682C-4638-A67B-A4DFDF094C3F} = {DB5D73B6-0B6B-4E87-AA0A-1170FBE61274}
		{36F5A6EF-35FC-409B-BCE0-D38E92F53EA4} = {CCE02961-4FBF-40BF-B2B6-8982462F0909}
		{E6BCC49D-E6BA-4E4E-AA69-42E37D07B2AC} = {36F5A6EF-35FC-409B-BCE0-D38E92F53EA4}
		{42179497-127A-4F0E-BE27-8655FB218FDE} = {36F5A6EF-35FC-409B-BCE0-D38E92F53EA4}
		{59637D64-B12A-4129-B0BD-3F0E40FF9938} = {36F5A6EF-35FC-409B-BCE0-D38E92F53EA4}
		{EE292569-BD0A-4F22-BD2E-1202B33CA83E} = {CCE02961-4FBF-40BF-B2B6-8982462F0909}
		{D0F9DB4C-32DB-4CDC-BB39-CFFCA78B75DE} = {EE292569-BD0A-4F22-BD2E-1202B33CA83E}
		{26C33094-FD58-4C67-BD12-A58F15258396} = {EE292569-BD0A-4F22-BD2E-1202B33CA83E}
		{6B463D7F-FEDB-4AF5-8536-B6FECF9CA50F} = {EE292569-BD0A-4F22-BD2E-1202B33CA83E}
		{10C74B50-B3A9-4D6F-BE4D-D4515F61A7E7} = {EE292569-BD0A-4F22-BD2E-1202B33CA83E}
		{FD6723E9-5C48-4341-A49E-3F9FE240A106} = {EE292569-BD0A-4F22-BD2E-1202B33CA83E}
		{CAE9FFAE-CAE9-4E18-9E59-83C8CDC2D330} = {CCE02961-4FBF-40BF-B2B6-8982462F0909}
		{BD795636-66CF-46D7-86B2-3D0D4BBE2AB0} = {CAE9FFAE-CAE9-4E18-9E59-83C8CDC2D330}
		{00967C58-C705-4B8F-B6E5-1B04432CBC23} = {CAE9FFAE-CAE9-4E18-9E59-83C8CDC2D330}
		{D97BA6C2-9B40-4E2D-8613-16FFFF031D8E} = {4850A037-C05C-4A26-A0B0-0E109663C7A8}
	EndGlobalSection
EndGlobal
