
Microsoft Visual Studio Solution File, Format Version 12.00
# Visual Studio Version 16
VisualStudioVersion = 16.0.29102.190
MinimumVisualStudioVersion = 10.0.40219.1
Project("{FAE04EC0-301F-11D3-BF4B-00C04F79EFBC}") = "LiveSplit", "LiveSplit\LiveSplit.csproj", "{E8047F95-BA79-4E2E-A9BB-5C48D5FA2467}"
	ProjectSection(ProjectDependencies) = postProject
		{5E696803-9EEE-4C9E-8FC1-04693B0E171E} = {5E696803-9EEE-4C9E-8FC1-04693B0E171E}
		{CB42F317-C954-4B0E-A6D1-661DEE2137EF} = {CB42F317-C954-4B0E-A6D1-661DEE2137EF}
		{3F49261E-06E3-453A-98EF-B82ED1678462} = {3F49261E-06E3-453A-98EF-B82ED1678462}
		{825B6521-94B8-4C8A-9709-3CA2ABFE70D7} = {825B6521-94B8-4C8A-9709-3CA2ABFE70D7}
		{35AF3E25-4130-4CEC-B962-0EAFF1F82577} = {35AF3E25-4130-4CEC-B962-0EAFF1F82577}
		{B0470637-949C-4A41-9C8C-0CE46561037F} = {B0470637-949C-4A41-9C8C-0CE46561037F}
		{16B6E638-E21D-4B8A-88B0-4BBA25E95913} = {16B6E638-E21D-4B8A-88B0-4BBA25E95913}
		{316FF340-BA00-4C4F-816B-16959A87725D} = {316FF340-BA00-4C4F-816B-16959A87725D}
		{BE9D4E57-20C6-4384-A3DC-AA365E11FFD2} = {BE9D4E57-20C6-4384-A3DC-AA365E11FFD2}
		{56E9D96B-5944-4C2E-876B-CBA44B1465AC} = {56E9D96B-5944-4C2E-876B-CBA44B1465AC}
		{C2539B7C-717D-4788-AE41-459EA1E935DC} = {C2539B7C-717D-4788-AE41-459EA1E935DC}
		{78F31888-C600-4D5D-9843-13D023893490} = {78F31888-C600-4D5D-9843-13D023893490}
		{CA2C668C-1C3F-4C44-9034-99848AFE47BA} = {CA2C668C-1C3F-4C44-9034-99848AFE47BA}
		{B9045699-7AC0-4B1C-B6A7-0EB4A93C48D7} = {B9045699-7AC0-4B1C-B6A7-0EB4A93C48D7}
		{56DEA3A0-2EB7-493B-B50F-A5E3AA8AE52A} = {56DEA3A0-2EB7-493B-B50F-A5E3AA8AE52A}
		{0BE25AA8-DF4D-4473-A52F-15E7C8DF180B} = {0BE25AA8-DF4D-4473-A52F-15E7C8DF180B}
		{B2045CAE-2D97-4CB1-931C-55837CC77699} = {B2045CAE-2D97-4CB1-931C-55837CC77699}
		{A0A5A4B1-C845-4409-A0DB-9F75A192EF9A} = {A0A5A4B1-C845-4409-A0DB-9F75A192EF9A}
		{4E693BB2-7B94-4ECC-B44D-628597183750} = {4E693BB2-7B94-4ECC-B44D-628597183750}
		{9879EFC5-348F-4240-A7A8-CE1CB6F252A3} = {9879EFC5-348F-4240-A7A8-CE1CB6F252A3}
		{970684D3-6795-4696-B8C2-82E222FCEB68} = {970684D3-6795-4696-B8C2-82E222FCEB68}
		{E53B4ADC-8FE4-4D3F-AD60-DC1F18897F68} = {E53B4ADC-8FE4-4D3F-AD60-DC1F18897F68}
		{992F67ED-99FB-4437-B470-26DE095A61E8} = {992F67ED-99FB-4437-B470-26DE095A61E8}
		{14DF9AF3-F142-4133-A857-BFBC679421DF} = {14DF9AF3-F142-4133-A857-BFBC679421DF}
		{B9168DF4-29E8-4BDF-845B-14CE96D69441} = {B9168DF4-29E8-4BDF-845B-14CE96D69441}
		{924AAFFE-5B89-49E2-99AD-EC9373CC838D} = {924AAFFE-5B89-49E2-99AD-EC9373CC838D}
		{1354E1FF-33EE-4FA9-B110-074CBC16A6F9} = {1354E1FF-33EE-4FA9-B110-074CBC16A6F9}
	EndProjectSection
EndProject
Project("{FAE04EC0-301F-11D3-BF4B-00C04F79EFBC}") = "LiveSplit.Core", "LiveSplit.Core\LiveSplit.Core.csproj", "{6DE847DB-20A3-4848-AEEE-1B4364AECDFB}"
	ProjectSection(ProjectDependencies) = postProject
		{11F82973-690A-48A9-8CB8-BD97E0024E2C} = {11F82973-690A-48A9-8CB8-BD97E0024E2C}
	EndProjectSection
EndProject
Project("{2150E333-8FDC-42A3-9474-1A3956D46DE8}") = "Components", "Components", "{BBF8A7B6-7027-4200-ACD5-04ED1A8584F7}"
EndProject
Project("{FAE04EC0-301F-11D3-BF4B-00C04F79EFBC}") = "LiveSplit.Graph", "Components\LiveSplit.Graph\LiveSplit.Graph.csproj", "{3F49261E-06E3-453A-98EF-B82ED1678462}"
EndProject
Project("{FAE04EC0-301F-11D3-BF4B-00C04F79EFBC}") = "LiveSplit.PreviousSegment", "Components\LiveSplit.PreviousSegment\LiveSplit.PreviousSegment.csproj", "{B9168DF4-29E8-4BDF-845B-14CE96D69441}"
EndProject
Project("{FAE04EC0-301F-11D3-BF4B-00C04F79EFBC}") = "LiveSplit.Splits", "Components\LiveSplit.Splits\LiveSplit.Splits.csproj", "{1354E1FF-33EE-4FA9-B110-074CBC16A6F9}"
EndProject
Project("{FAE04EC0-301F-11D3-BF4B-00C04F79EFBC}") = "LiveSplit.SumOfBest", "Components\LiveSplit.SumOfBest\LiveSplit.SumOfBest.csproj", "{E53B4ADC-8FE4-4D3F-AD60-DC1F18897F68}"
EndProject
Project("{FAE04EC0-301F-11D3-BF4B-00C04F79EFBC}") = "LiveSplit.Timer", "Components\LiveSplit.Timer\LiveSplit.Timer.csproj", "{B9045699-7AC0-4B1C-B6A7-0EB4A93C48D7}"
EndProject
Project("{FAE04EC0-301F-11D3-BF4B-00C04F79EFBC}") = "LiveSplit.Title", "Components\LiveSplit.Title\LiveSplit.Title.csproj", "{C2539B7C-717D-4788-AE41-459EA1E935DC}"
EndProject
Project("{FAE04EC0-301F-11D3-BF4B-00C04F79EFBC}") = "LiveSplit.PossibleTimeSave", "Components\LiveSplit.PossibleTimeSave\LiveSplit.PossibleTimeSave.csproj", "{A0A5A4B1-C845-4409-A0DB-9F75A192EF9A}"
EndProject
Project("{FAE04EC0-301F-11D3-BF4B-00C04F79EFBC}") = "UpdateManager", "UpdateManager\UpdateManager.csproj", "{56DEA3A0-2EB7-493B-B50F-A5E3AA8AE52A}"
EndProject
Project("{FAE04EC0-301F-11D3-BF4B-00C04F79EFBC}") = "LiveSplit.View", "LiveSplit.View\LiveSplit.View.csproj", "{F8CF1482-0687-44F3-ABA1-967E10C3BB96}"
EndProject
Project("{FAE04EC0-301F-11D3-BF4B-00C04F79EFBC}") = "LiveSplit.Register", "LiveSplit.Register\LiveSplit.Register.csproj", "{992F67ED-99FB-4437-B470-26DE095A61E8}"
EndProject
Project("{FAE04EC0-301F-11D3-BF4B-00C04F79EFBC}") = "LiveSplit.Video", "Components\LiveSplit.Video\LiveSplit.Video.csproj", "{35AF3E25-4130-4CEC-B962-0EAFF1F82577}"
EndProject
Project("{FAE04EC0-301F-11D3-BF4B-00C04F79EFBC}") = "LiveSplit.Text", "Components\LiveSplit.Text\LiveSplit.Text.csproj", "{BE9D4E57-20C6-4384-A3DC-AA365E11FFD2}"
EndProject
Project("{FAE04EC0-301F-11D3-BF4B-00C04F79EFBC}") = "LiveSplit.RunPrediction", "Components\LiveSplit.RunPrediction\LiveSplit.RunPrediction.csproj", "{78F31888-C600-4D5D-9843-13D023893490}"
EndProject
Project("{FAE04EC0-301F-11D3-BF4B-00C04F79EFBC}") = "LiveSplit.CurrentComparison", "Components\LiveSplit.CurrentComparison\LiveSplit.CurrentComparison.csproj", "{CB42F317-C954-4B0E-A6D1-661DEE2137EF}"
EndProject
Project("{FAE04EC0-301F-11D3-BF4B-00C04F79EFBC}") = "LiveSplit.HotkeyIndicator", "Components\LiveSplit.HotkeyIndicator\LiveSplit.HotkeyIndicator.csproj", "{9879EFC5-348F-4240-A7A8-CE1CB6F252A3}"
EndProject
Project("{FAE04EC0-301F-11D3-BF4B-00C04F79EFBC}") = "LiveSplit.Server", "Components\LiveSplit.Server\LiveSplit.Server.csproj", "{4E693BB2-7B94-4ECC-B44D-628597183750}"
EndProject
Project("{FAE04EC0-301F-11D3-BF4B-00C04F79EFBC}") = "LiveSplit.Delta", "Components\LiveSplit.Delta\LiveSplit.Delta.csproj", "{B2045CAE-2D97-4CB1-931C-55837CC77699}"
EndProject
Project("{FAE04EC0-301F-11D3-BF4B-00C04F79EFBC}") = "LiveSplit.DetailedTimer", "Components\LiveSplit.DetailedTimer\LiveSplit.DetailedTimer.csproj", "{316FF340-BA00-4C4F-816B-16959A87725D}"
EndProject
Project("{FAE04EC0-301F-11D3-BF4B-00C04F79EFBC}") = "LiveSplit.ManualGameTime", "Components\LiveSplit.ManualGameTime\LiveSplit.ManualGameTime.csproj", "{0BE25AA8-DF4D-4473-A52F-15E7C8DF180B}"
EndProject
Project("{2150E333-8FDC-42A3-9474-1A3956D46DE8}") = "Information", "Information", "{F860D526-C1CE-4FDC-A871-202201859C42}"
EndProject
Project("{2150E333-8FDC-42A3-9474-1A3956D46DE8}") = "Control", "Control", "{18031338-5A00-4AFC-9476-6C491B31B66C}"
EndProject
Project("{2150E333-8FDC-42A3-9474-1A3956D46DE8}") = "Other", "Other", "{91298215-12A5-4194-B848-1D6ABBFC586E}"
EndProject
Project("{2150E333-8FDC-42A3-9474-1A3956D46DE8}") = "Timer", "Timer", "{2892E6F7-EABE-4E6C-80A4-0352D83FAB13}"
EndProject
Project("{2150E333-8FDC-42A3-9474-1A3956D46DE8}") = "List", "List", "{EC7DFF61-A735-4942-8125-F9C9A8EA9EFA}"
EndProject
Project("{2150E333-8FDC-42A3-9474-1A3956D46DE8}") = "Media", "Media", "{4EE43467-319B-483C-A256-35D76C218160}"
EndProject
Project("{FAE04EC0-301F-11D3-BF4B-00C04F79EFBC}") = "LiveSplit.Sound", "Components\LiveSplit.Sound\LiveSplit.Sound.csproj", "{16B6E638-E21D-4B8A-88B0-4BBA25E95913}"
EndProject
Project("{FAE04EC0-301F-11D3-BF4B-00C04F79EFBC}") = "LiveSplit.ScriptableAutoSplit", "Components\LiveSplit.ScriptableAutoSplit\LiveSplit.ScriptableAutoSplit.csproj", "{56E9D96B-5944-4C2E-876B-CBA44B1465AC}"
EndProject
Project("{FAE04EC0-301F-11D3-BF4B-00C04F79EFBC}") = "LiveSplit.Subsplits", "Components\LiveSplit.Subsplits\LiveSplit.Subsplits.csproj", "{5E696803-9EEE-4C9E-8FC1-04693B0E171E}"
EndProject
Project("{2150E333-8FDC-42A3-9474-1A3956D46DE8}") = "Libs", "Libs", "{FAF78A7D-B7F6-4302-88E9-4B1E7AAC3552}"
EndProject
Project("{FAE04EC0-301F-11D3-BF4B-00C04F79EFBC}") = "Codaxy.Xlio", "Libs\xlio\Source\Codaxy.Xlio\Codaxy.Xlio.csproj", "{11F82973-690A-48A9-8CB8-BD97E0024E2C}"
EndProject
Project("{FAE04EC0-301F-11D3-BF4B-00C04F79EFBC}") = "LiveSplit.WorldRecord", "Components\LiveSplit.WorldRecord\LiveSplit.WorldRecord.csproj", "{B0470637-949C-4A41-9C8C-0CE46561037F}"
EndProject
Project("{FAE04EC0-301F-11D3-BF4B-00C04F79EFBC}") = "LiveSplit.TotalPlaytime", "Components\LiveSplit.TotalPlaytime\LiveSplit.TotalPlaytime.csproj", "{14DF9AF3-F142-4133-A857-BFBC679421DF}"
EndProject
Project("{FAE04EC0-301F-11D3-BF4B-00C04F79EFBC}") = "LiveSplit.Tests", "LiveSplit.Tests\LiveSplit.Tests.csproj", "{970684D3-6795-4696-B8C2-82E222FCEB68}"
EndProject
Project("{FAE04EC0-301F-11D3-BF4B-00C04F79EFBC}") = "SpeedrunComSharp", "Libs\SpeedrunComSharp\SpeedrunComSharp\SpeedrunComSharp.csproj", "{924AAFFE-5B89-49E2-99AD-EC9373CC838D}"
EndProject
Project("{FAE04EC0-301F-11D3-BF4B-00C04F79EFBC}") = "LiveSplit.Counter", "Components\LiveSplit.Counter\LiveSplit.Counter.csproj", "{CA2C668C-1C3F-4C44-9034-99848AFE47BA}"
EndProject
Project("{FAE04EC0-301F-11D3-BF4B-00C04F79EFBC}") = "LiveSplit.BlankSpace", "Components\LiveSplit.BlankSpace\LiveSplit.BlankSpace.csproj", "{825B6521-94B8-4C8A-9709-3CA2ABFE70D7}"
EndProject
Global
	GlobalSection(SolutionConfigurationPlatforms) = preSolution
		Debug|Any CPU = Debug|Any CPU
		Release Candidate|Any CPU = Release Candidate|Any CPU
		Release|Any CPU = Release|Any CPU
	EndGlobalSection
	GlobalSection(ProjectConfigurationPlatforms) = postSolution
		{E8047F95-BA79-4E2E-A9BB-5C48D5FA2467}.Debug|Any CPU.ActiveCfg = Debug|Any CPU
		{E8047F95-BA79-4E2E-A9BB-5C48D5FA2467}.Debug|Any CPU.Build.0 = Debug|Any CPU
		{E8047F95-BA79-4E2E-A9BB-5C48D5FA2467}.Release Candidate|Any CPU.ActiveCfg = Release Candidate|Any CPU
		{E8047F95-BA79-4E2E-A9BB-5C48D5FA2467}.Release Candidate|Any CPU.Build.0 = Release Candidate|Any CPU
		{E8047F95-BA79-4E2E-A9BB-5C48D5FA2467}.Release|Any CPU.ActiveCfg = Release|Any CPU
		{E8047F95-BA79-4E2E-A9BB-5C48D5FA2467}.Release|Any CPU.Build.0 = Release|Any CPU
		{6DE847DB-20A3-4848-AEEE-1B4364AECDFB}.Debug|Any CPU.ActiveCfg = Debug|Any CPU
		{6DE847DB-20A3-4848-AEEE-1B4364AECDFB}.Debug|Any CPU.Build.0 = Debug|Any CPU
		{6DE847DB-20A3-4848-AEEE-1B4364AECDFB}.Release Candidate|Any CPU.ActiveCfg = Release Candidate|Any CPU
		{6DE847DB-20A3-4848-AEEE-1B4364AECDFB}.Release Candidate|Any CPU.Build.0 = Release Candidate|Any CPU
		{6DE847DB-20A3-4848-AEEE-1B4364AECDFB}.Release|Any CPU.ActiveCfg = Release|Any CPU
		{6DE847DB-20A3-4848-AEEE-1B4364AECDFB}.Release|Any CPU.Build.0 = Release|Any CPU
		{3F49261E-06E3-453A-98EF-B82ED1678462}.Debug|Any CPU.ActiveCfg = Debug|Any CPU
		{3F49261E-06E3-453A-98EF-B82ED1678462}.Debug|Any CPU.Build.0 = Debug|Any CPU
		{3F49261E-06E3-453A-98EF-B82ED1678462}.Release Candidate|Any CPU.ActiveCfg = Release Candidate|Any CPU
		{3F49261E-06E3-453A-98EF-B82ED1678462}.Release Candidate|Any CPU.Build.0 = Release Candidate|Any CPU
		{3F49261E-06E3-453A-98EF-B82ED1678462}.Release|Any CPU.ActiveCfg = Release|Any CPU
		{3F49261E-06E3-453A-98EF-B82ED1678462}.Release|Any CPU.Build.0 = Release|Any CPU
		{B9168DF4-29E8-4BDF-845B-14CE96D69441}.Debug|Any CPU.ActiveCfg = Debug|Any CPU
		{B9168DF4-29E8-4BDF-845B-14CE96D69441}.Debug|Any CPU.Build.0 = Debug|Any CPU
		{B9168DF4-29E8-4BDF-845B-14CE96D69441}.Release Candidate|Any CPU.ActiveCfg = Release Candidate|Any CPU
		{B9168DF4-29E8-4BDF-845B-14CE96D69441}.Release Candidate|Any CPU.Build.0 = Release Candidate|Any CPU
		{B9168DF4-29E8-4BDF-845B-14CE96D69441}.Release|Any CPU.ActiveCfg = Release|Any CPU
		{B9168DF4-29E8-4BDF-845B-14CE96D69441}.Release|Any CPU.Build.0 = Release|Any CPU
		{1354E1FF-33EE-4FA9-B110-074CBC16A6F9}.Debug|Any CPU.ActiveCfg = Debug|Any CPU
		{1354E1FF-33EE-4FA9-B110-074CBC16A6F9}.Debug|Any CPU.Build.0 = Debug|Any CPU
		{1354E1FF-33EE-4FA9-B110-074CBC16A6F9}.Release Candidate|Any CPU.ActiveCfg = Release Candidate|Any CPU
		{1354E1FF-33EE-4FA9-B110-074CBC16A6F9}.Release Candidate|Any CPU.Build.0 = Release Candidate|Any CPU
		{1354E1FF-33EE-4FA9-B110-074CBC16A6F9}.Release|Any CPU.ActiveCfg = Release|Any CPU
		{1354E1FF-33EE-4FA9-B110-074CBC16A6F9}.Release|Any CPU.Build.0 = Release|Any CPU
		{E53B4ADC-8FE4-4D3F-AD60-DC1F18897F68}.Debug|Any CPU.ActiveCfg = Debug|Any CPU
		{E53B4ADC-8FE4-4D3F-AD60-DC1F18897F68}.Debug|Any CPU.Build.0 = Debug|Any CPU
		{E53B4ADC-8FE4-4D3F-AD60-DC1F18897F68}.Release Candidate|Any CPU.ActiveCfg = Release Candidate|Any CPU
		{E53B4ADC-8FE4-4D3F-AD60-DC1F18897F68}.Release Candidate|Any CPU.Build.0 = Release Candidate|Any CPU
		{E53B4ADC-8FE4-4D3F-AD60-DC1F18897F68}.Release|Any CPU.ActiveCfg = Release|Any CPU
		{E53B4ADC-8FE4-4D3F-AD60-DC1F18897F68}.Release|Any CPU.Build.0 = Release|Any CPU
		{B9045699-7AC0-4B1C-B6A7-0EB4A93C48D7}.Debug|Any CPU.ActiveCfg = Debug|Any CPU
		{B9045699-7AC0-4B1C-B6A7-0EB4A93C48D7}.Debug|Any CPU.Build.0 = Debug|Any CPU
		{B9045699-7AC0-4B1C-B6A7-0EB4A93C48D7}.Release Candidate|Any CPU.ActiveCfg = Release Candidate|Any CPU
		{B9045699-7AC0-4B1C-B6A7-0EB4A93C48D7}.Release Candidate|Any CPU.Build.0 = Release Candidate|Any CPU
		{B9045699-7AC0-4B1C-B6A7-0EB4A93C48D7}.Release|Any CPU.ActiveCfg = Release|Any CPU
		{B9045699-7AC0-4B1C-B6A7-0EB4A93C48D7}.Release|Any CPU.Build.0 = Release|Any CPU
		{C2539B7C-717D-4788-AE41-459EA1E935DC}.Debug|Any CPU.ActiveCfg = Debug|Any CPU
		{C2539B7C-717D-4788-AE41-459EA1E935DC}.Debug|Any CPU.Build.0 = Debug|Any CPU
		{C2539B7C-717D-4788-AE41-459EA1E935DC}.Release Candidate|Any CPU.ActiveCfg = Release Candidate|Any CPU
		{C2539B7C-717D-4788-AE41-459EA1E935DC}.Release Candidate|Any CPU.Build.0 = Release Candidate|Any CPU
		{C2539B7C-717D-4788-AE41-459EA1E935DC}.Release|Any CPU.ActiveCfg = Release|Any CPU
		{C2539B7C-717D-4788-AE41-459EA1E935DC}.Release|Any CPU.Build.0 = Release|Any CPU
		{A0A5A4B1-C845-4409-A0DB-9F75A192EF9A}.Debug|Any CPU.ActiveCfg = Debug|Any CPU
		{A0A5A4B1-C845-4409-A0DB-9F75A192EF9A}.Debug|Any CPU.Build.0 = Debug|Any CPU
		{A0A5A4B1-C845-4409-A0DB-9F75A192EF9A}.Release Candidate|Any CPU.ActiveCfg = Release Candidate|Any CPU
		{A0A5A4B1-C845-4409-A0DB-9F75A192EF9A}.Release Candidate|Any CPU.Build.0 = Release Candidate|Any CPU
		{A0A5A4B1-C845-4409-A0DB-9F75A192EF9A}.Release|Any CPU.ActiveCfg = Release|Any CPU
		{A0A5A4B1-C845-4409-A0DB-9F75A192EF9A}.Release|Any CPU.Build.0 = Release|Any CPU
		{56DEA3A0-2EB7-493B-B50F-A5E3AA8AE52A}.Debug|Any CPU.ActiveCfg = Debug|Any CPU
		{56DEA3A0-2EB7-493B-B50F-A5E3AA8AE52A}.Debug|Any CPU.Build.0 = Debug|Any CPU
		{56DEA3A0-2EB7-493B-B50F-A5E3AA8AE52A}.Release Candidate|Any CPU.ActiveCfg = Release Candidate|Any CPU
		{56DEA3A0-2EB7-493B-B50F-A5E3AA8AE52A}.Release Candidate|Any CPU.Build.0 = Release Candidate|Any CPU
		{56DEA3A0-2EB7-493B-B50F-A5E3AA8AE52A}.Release|Any CPU.ActiveCfg = Release|Any CPU
		{56DEA3A0-2EB7-493B-B50F-A5E3AA8AE52A}.Release|Any CPU.Build.0 = Release|Any CPU
		{F8CF1482-0687-44F3-ABA1-967E10C3BB96}.Debug|Any CPU.ActiveCfg = Debug|Any CPU
		{F8CF1482-0687-44F3-ABA1-967E10C3BB96}.Debug|Any CPU.Build.0 = Debug|Any CPU
		{F8CF1482-0687-44F3-ABA1-967E10C3BB96}.Release Candidate|Any CPU.ActiveCfg = Release Candidate|Any CPU
		{F8CF1482-0687-44F3-ABA1-967E10C3BB96}.Release Candidate|Any CPU.Build.0 = Release Candidate|Any CPU
		{F8CF1482-0687-44F3-ABA1-967E10C3BB96}.Release|Any CPU.ActiveCfg = Release|Any CPU
		{F8CF1482-0687-44F3-ABA1-967E10C3BB96}.Release|Any CPU.Build.0 = Release|Any CPU
		{992F67ED-99FB-4437-B470-26DE095A61E8}.Debug|Any CPU.ActiveCfg = Debug|Any CPU
		{992F67ED-99FB-4437-B470-26DE095A61E8}.Debug|Any CPU.Build.0 = Debug|Any CPU
		{992F67ED-99FB-4437-B470-26DE095A61E8}.Release Candidate|Any CPU.ActiveCfg = Release Candidate|Any CPU
		{992F67ED-99FB-4437-B470-26DE095A61E8}.Release Candidate|Any CPU.Build.0 = Release Candidate|Any CPU
		{992F67ED-99FB-4437-B470-26DE095A61E8}.Release|Any CPU.ActiveCfg = Release|Any CPU
		{992F67ED-99FB-4437-B470-26DE095A61E8}.Release|Any CPU.Build.0 = Release|Any CPU
		{35AF3E25-4130-4CEC-B962-0EAFF1F82577}.Debug|Any CPU.ActiveCfg = Debug|Any CPU
		{35AF3E25-4130-4CEC-B962-0EAFF1F82577}.Debug|Any CPU.Build.0 = Debug|Any CPU
		{35AF3E25-4130-4CEC-B962-0EAFF1F82577}.Release Candidate|Any CPU.ActiveCfg = Release Candidate|Any CPU
		{35AF3E25-4130-4CEC-B962-0EAFF1F82577}.Release Candidate|Any CPU.Build.0 = Release Candidate|Any CPU
		{35AF3E25-4130-4CEC-B962-0EAFF1F82577}.Release|Any CPU.ActiveCfg = Release|Any CPU
		{35AF3E25-4130-4CEC-B962-0EAFF1F82577}.Release|Any CPU.Build.0 = Release|Any CPU
		{BE9D4E57-20C6-4384-A3DC-AA365E11FFD2}.Debug|Any CPU.ActiveCfg = Debug|Any CPU
		{BE9D4E57-20C6-4384-A3DC-AA365E11FFD2}.Debug|Any CPU.Build.0 = Debug|Any CPU
		{BE9D4E57-20C6-4384-A3DC-AA365E11FFD2}.Release Candidate|Any CPU.ActiveCfg = Release Candidate|Any CPU
		{BE9D4E57-20C6-4384-A3DC-AA365E11FFD2}.Release Candidate|Any CPU.Build.0 = Release Candidate|Any CPU
		{BE9D4E57-20C6-4384-A3DC-AA365E11FFD2}.Release|Any CPU.ActiveCfg = Release|Any CPU
		{BE9D4E57-20C6-4384-A3DC-AA365E11FFD2}.Release|Any CPU.Build.0 = Release|Any CPU
		{78F31888-C600-4D5D-9843-13D023893490}.Debug|Any CPU.ActiveCfg = Debug|Any CPU
		{78F31888-C600-4D5D-9843-13D023893490}.Debug|Any CPU.Build.0 = Debug|Any CPU
		{78F31888-C600-4D5D-9843-13D023893490}.Release Candidate|Any CPU.ActiveCfg = Release Candidate|Any CPU
		{78F31888-C600-4D5D-9843-13D023893490}.Release Candidate|Any CPU.Build.0 = Release Candidate|Any CPU
		{78F31888-C600-4D5D-9843-13D023893490}.Release|Any CPU.ActiveCfg = Release|Any CPU
		{78F31888-C600-4D5D-9843-13D023893490}.Release|Any CPU.Build.0 = Release|Any CPU
		{CB42F317-C954-4B0E-A6D1-661DEE2137EF}.Debug|Any CPU.ActiveCfg = Debug|Any CPU
		{CB42F317-C954-4B0E-A6D1-661DEE2137EF}.Debug|Any CPU.Build.0 = Debug|Any CPU
		{CB42F317-C954-4B0E-A6D1-661DEE2137EF}.Release Candidate|Any CPU.ActiveCfg = Release Candidate|Any CPU
		{CB42F317-C954-4B0E-A6D1-661DEE2137EF}.Release Candidate|Any CPU.Build.0 = Release Candidate|Any CPU
		{CB42F317-C954-4B0E-A6D1-661DEE2137EF}.Release|Any CPU.ActiveCfg = Release|Any CPU
		{CB42F317-C954-4B0E-A6D1-661DEE2137EF}.Release|Any CPU.Build.0 = Release|Any CPU
		{9879EFC5-348F-4240-A7A8-CE1CB6F252A3}.Debug|Any CPU.ActiveCfg = Debug|Any CPU
		{9879EFC5-348F-4240-A7A8-CE1CB6F252A3}.Debug|Any CPU.Build.0 = Debug|Any CPU
		{9879EFC5-348F-4240-A7A8-CE1CB6F252A3}.Release Candidate|Any CPU.ActiveCfg = Release Candidate|Any CPU
		{9879EFC5-348F-4240-A7A8-CE1CB6F252A3}.Release Candidate|Any CPU.Build.0 = Release Candidate|Any CPU
		{9879EFC5-348F-4240-A7A8-CE1CB6F252A3}.Release|Any CPU.ActiveCfg = Release|Any CPU
		{9879EFC5-348F-4240-A7A8-CE1CB6F252A3}.Release|Any CPU.Build.0 = Release|Any CPU
		{4E693BB2-7B94-4ECC-B44D-628597183750}.Debug|Any CPU.ActiveCfg = Debug|Any CPU
		{4E693BB2-7B94-4ECC-B44D-628597183750}.Debug|Any CPU.Build.0 = Debug|Any CPU
		{4E693BB2-7B94-4ECC-B44D-628597183750}.Release Candidate|Any CPU.ActiveCfg = Release Candidate|Any CPU
		{4E693BB2-7B94-4ECC-B44D-628597183750}.Release Candidate|Any CPU.Build.0 = Release Candidate|Any CPU
		{4E693BB2-7B94-4ECC-B44D-628597183750}.Release|Any CPU.ActiveCfg = Release|Any CPU
		{4E693BB2-7B94-4ECC-B44D-628597183750}.Release|Any CPU.Build.0 = Release|Any CPU
		{B2045CAE-2D97-4CB1-931C-55837CC77699}.Debug|Any CPU.ActiveCfg = Debug|Any CPU
		{B2045CAE-2D97-4CB1-931C-55837CC77699}.Debug|Any CPU.Build.0 = Debug|Any CPU
		{B2045CAE-2D97-4CB1-931C-55837CC77699}.Release Candidate|Any CPU.ActiveCfg = Release Candidate|Any CPU
		{B2045CAE-2D97-4CB1-931C-55837CC77699}.Release Candidate|Any CPU.Build.0 = Release Candidate|Any CPU
		{B2045CAE-2D97-4CB1-931C-55837CC77699}.Release|Any CPU.ActiveCfg = Release|Any CPU
		{B2045CAE-2D97-4CB1-931C-55837CC77699}.Release|Any CPU.Build.0 = Release|Any CPU
		{316FF340-BA00-4C4F-816B-16959A87725D}.Debug|Any CPU.ActiveCfg = Debug|Any CPU
		{316FF340-BA00-4C4F-816B-16959A87725D}.Debug|Any CPU.Build.0 = Debug|Any CPU
		{316FF340-BA00-4C4F-816B-16959A87725D}.Release Candidate|Any CPU.ActiveCfg = Release Candidate|Any CPU
		{316FF340-BA00-4C4F-816B-16959A87725D}.Release Candidate|Any CPU.Build.0 = Release Candidate|Any CPU
		{316FF340-BA00-4C4F-816B-16959A87725D}.Release|Any CPU.ActiveCfg = Release|Any CPU
		{316FF340-BA00-4C4F-816B-16959A87725D}.Release|Any CPU.Build.0 = Release|Any CPU
		{0BE25AA8-DF4D-4473-A52F-15E7C8DF180B}.Debug|Any CPU.ActiveCfg = Debug|Any CPU
		{0BE25AA8-DF4D-4473-A52F-15E7C8DF180B}.Debug|Any CPU.Build.0 = Debug|Any CPU
		{0BE25AA8-DF4D-4473-A52F-15E7C8DF180B}.Release Candidate|Any CPU.ActiveCfg = Release Candidate|Any CPU
		{0BE25AA8-DF4D-4473-A52F-15E7C8DF180B}.Release Candidate|Any CPU.Build.0 = Release Candidate|Any CPU
		{0BE25AA8-DF4D-4473-A52F-15E7C8DF180B}.Release|Any CPU.ActiveCfg = Release|Any CPU
		{0BE25AA8-DF4D-4473-A52F-15E7C8DF180B}.Release|Any CPU.Build.0 = Release|Any CPU
		{16B6E638-E21D-4B8A-88B0-4BBA25E95913}.Debug|Any CPU.ActiveCfg = Debug|Any CPU
		{16B6E638-E21D-4B8A-88B0-4BBA25E95913}.Debug|Any CPU.Build.0 = Debug|Any CPU
		{16B6E638-E21D-4B8A-88B0-4BBA25E95913}.Release Candidate|Any CPU.ActiveCfg = Release Candidate|Any CPU
		{16B6E638-E21D-4B8A-88B0-4BBA25E95913}.Release Candidate|Any CPU.Build.0 = Release Candidate|Any CPU
		{16B6E638-E21D-4B8A-88B0-4BBA25E95913}.Release|Any CPU.ActiveCfg = Release|Any CPU
		{16B6E638-E21D-4B8A-88B0-4BBA25E95913}.Release|Any CPU.Build.0 = Release|Any CPU
		{56E9D96B-5944-4C2E-876B-CBA44B1465AC}.Debug|Any CPU.ActiveCfg = Debug|Any CPU
		{56E9D96B-5944-4C2E-876B-CBA44B1465AC}.Debug|Any CPU.Build.0 = Debug|Any CPU
		{56E9D96B-5944-4C2E-876B-CBA44B1465AC}.Release Candidate|Any CPU.ActiveCfg = Release Candidate|Any CPU
		{56E9D96B-5944-4C2E-876B-CBA44B1465AC}.Release Candidate|Any CPU.Build.0 = Release Candidate|Any CPU
		{56E9D96B-5944-4C2E-876B-CBA44B1465AC}.Release|Any CPU.ActiveCfg = Release|Any CPU
		{56E9D96B-5944-4C2E-876B-CBA44B1465AC}.Release|Any CPU.Build.0 = Release|Any CPU
		{5E696803-9EEE-4C9E-8FC1-04693B0E171E}.Debug|Any CPU.ActiveCfg = Debug|Any CPU
		{5E696803-9EEE-4C9E-8FC1-04693B0E171E}.Debug|Any CPU.Build.0 = Debug|Any CPU
		{5E696803-9EEE-4C9E-8FC1-04693B0E171E}.Release Candidate|Any CPU.ActiveCfg = Release Candidate|Any CPU
		{5E696803-9EEE-4C9E-8FC1-04693B0E171E}.Release Candidate|Any CPU.Build.0 = Release Candidate|Any CPU
		{5E696803-9EEE-4C9E-8FC1-04693B0E171E}.Release|Any CPU.ActiveCfg = Release|Any CPU
		{5E696803-9EEE-4C9E-8FC1-04693B0E171E}.Release|Any CPU.Build.0 = Release|Any CPU
		{11F82973-690A-48A9-8CB8-BD97E0024E2C}.Debug|Any CPU.ActiveCfg = Debug|Any CPU
		{11F82973-690A-48A9-8CB8-BD97E0024E2C}.Debug|Any CPU.Build.0 = Debug|Any CPU
		{11F82973-690A-48A9-8CB8-BD97E0024E2C}.Release Candidate|Any CPU.ActiveCfg = Release|Any CPU
		{11F82973-690A-48A9-8CB8-BD97E0024E2C}.Release Candidate|Any CPU.Build.0 = Release|Any CPU
		{11F82973-690A-48A9-8CB8-BD97E0024E2C}.Release|Any CPU.ActiveCfg = Release|Any CPU
		{11F82973-690A-48A9-8CB8-BD97E0024E2C}.Release|Any CPU.Build.0 = Release|Any CPU
		{B0470637-949C-4A41-9C8C-0CE46561037F}.Debug|Any CPU.ActiveCfg = Debug|Any CPU
		{B0470637-949C-4A41-9C8C-0CE46561037F}.Debug|Any CPU.Build.0 = Debug|Any CPU
		{B0470637-949C-4A41-9C8C-0CE46561037F}.Release Candidate|Any CPU.ActiveCfg = Release Candidate|Any CPU
		{B0470637-949C-4A41-9C8C-0CE46561037F}.Release Candidate|Any CPU.Build.0 = Release Candidate|Any CPU
		{B0470637-949C-4A41-9C8C-0CE46561037F}.Release|Any CPU.ActiveCfg = Release|Any CPU
		{B0470637-949C-4A41-9C8C-0CE46561037F}.Release|Any CPU.Build.0 = Release|Any CPU
		{14DF9AF3-F142-4133-A857-BFBC679421DF}.Debug|Any CPU.ActiveCfg = Debug|Any CPU
		{14DF9AF3-F142-4133-A857-BFBC679421DF}.Debug|Any CPU.Build.0 = Debug|Any CPU
		{14DF9AF3-F142-4133-A857-BFBC679421DF}.Release Candidate|Any CPU.ActiveCfg = Release|Any CPU
		{14DF9AF3-F142-4133-A857-BFBC679421DF}.Release Candidate|Any CPU.Build.0 = Release|Any CPU
		{14DF9AF3-F142-4133-A857-BFBC679421DF}.Release|Any CPU.ActiveCfg = Release|Any CPU
		{14DF9AF3-F142-4133-A857-BFBC679421DF}.Release|Any CPU.Build.0 = Release|Any CPU
		{970684D3-6795-4696-B8C2-82E222FCEB68}.Debug|Any CPU.ActiveCfg = Debug|Any CPU
		{970684D3-6795-4696-B8C2-82E222FCEB68}.Debug|Any CPU.Build.0 = Debug|Any CPU
		{970684D3-6795-4696-B8C2-82E222FCEB68}.Release Candidate|Any CPU.ActiveCfg = Release|Any CPU
		{970684D3-6795-4696-B8C2-82E222FCEB68}.Release Candidate|Any CPU.Build.0 = Release|Any CPU
		{970684D3-6795-4696-B8C2-82E222FCEB68}.Release|Any CPU.ActiveCfg = Release|Any CPU
		{970684D3-6795-4696-B8C2-82E222FCEB68}.Release|Any CPU.Build.0 = Release|Any CPU
		{924AAFFE-5B89-49E2-99AD-EC9373CC838D}.Debug|Any CPU.ActiveCfg = Debug with API Calls|Any CPU
		{924AAFFE-5B89-49E2-99AD-EC9373CC838D}.Debug|Any CPU.Build.0 = Debug with API Calls|Any CPU
		{924AAFFE-5B89-49E2-99AD-EC9373CC838D}.Release Candidate|Any CPU.ActiveCfg = Release|Any CPU
		{924AAFFE-5B89-49E2-99AD-EC9373CC838D}.Release Candidate|Any CPU.Build.0 = Release|Any CPU
		{924AAFFE-5B89-49E2-99AD-EC9373CC838D}.Release|Any CPU.ActiveCfg = Release|Any CPU
		{924AAFFE-5B89-49E2-99AD-EC9373CC838D}.Release|Any CPU.Build.0 = Release|Any CPU
		{CA2C668C-1C3F-4C44-9034-99848AFE47BA}.Debug|Any CPU.ActiveCfg = Debug|Any CPU
		{CA2C668C-1C3F-4C44-9034-99848AFE47BA}.Debug|Any CPU.Build.0 = Debug|Any CPU
		{CA2C668C-1C3F-4C44-9034-99848AFE47BA}.Release Candidate|Any CPU.ActiveCfg = Release Candidate|Any CPU
		{CA2C668C-1C3F-4C44-9034-99848AFE47BA}.Release Candidate|Any CPU.Build.0 = Release Candidate|Any CPU
		{CA2C668C-1C3F-4C44-9034-99848AFE47BA}.Release|Any CPU.ActiveCfg = Release|Any CPU
		{CA2C668C-1C3F-4C44-9034-99848AFE47BA}.Release|Any CPU.Build.0 = Release|Any CPU
		{825B6521-94B8-4C8A-9709-3CA2ABFE70D7}.Debug|Any CPU.ActiveCfg = Debug|Any CPU
		{825B6521-94B8-4C8A-9709-3CA2ABFE70D7}.Debug|Any CPU.Build.0 = Debug|Any CPU
		{825B6521-94B8-4C8A-9709-3CA2ABFE70D7}.Release Candidate|Any CPU.ActiveCfg = Release Candidate|Any CPU
		{825B6521-94B8-4C8A-9709-3CA2ABFE70D7}.Release Candidate|Any CPU.Build.0 = Release Candidate|Any CPU
		{825B6521-94B8-4C8A-9709-3CA2ABFE70D7}.Release|Any CPU.ActiveCfg = Release|Any CPU
		{825B6521-94B8-4C8A-9709-3CA2ABFE70D7}.Release|Any CPU.Build.0 = Release|Any CPU
		{80866AD2-578B-439A-B744-62C05F13005A}.Debug|Any CPU.ActiveCfg = Debug|Any CPU
		{80866AD2-578B-439A-B744-62C05F13005A}.Debug|Any CPU.Build.0 = Debug|Any CPU
		{80866AD2-578B-439A-B744-62C05F13005A}.Release Candidate|Any CPU.ActiveCfg = Release|Any CPU
		{80866AD2-578B-439A-B744-62C05F13005A}.Release Candidate|Any CPU.Build.0 = Release|Any CPU
		{80866AD2-578B-439A-B744-62C05F13005A}.Release|Any CPU.ActiveCfg = Release|Any CPU
		{80866AD2-578B-439A-B744-62C05F13005A}.Release|Any CPU.Build.0 = Release|Any CPU
	EndGlobalSection
	GlobalSection(SolutionProperties) = preSolution
		HideSolutionNode = FALSE
	EndGlobalSection
	GlobalSection(NestedProjects) = preSolution
		{3F49261E-06E3-453A-98EF-B82ED1678462} = {4EE43467-319B-483C-A256-35D76C218160}
		{B9168DF4-29E8-4BDF-845B-14CE96D69441} = {F860D526-C1CE-4FDC-A871-202201859C42}
		{1354E1FF-33EE-4FA9-B110-074CBC16A6F9} = {EC7DFF61-A735-4942-8125-F9C9A8EA9EFA}
		{E53B4ADC-8FE4-4D3F-AD60-DC1F18897F68} = {F860D526-C1CE-4FDC-A871-202201859C42}
		{B9045699-7AC0-4B1C-B6A7-0EB4A93C48D7} = {2892E6F7-EABE-4E6C-80A4-0352D83FAB13}
		{C2539B7C-717D-4788-AE41-459EA1E935DC} = {F860D526-C1CE-4FDC-A871-202201859C42}
		{A0A5A4B1-C845-4409-A0DB-9F75A192EF9A} = {F860D526-C1CE-4FDC-A871-202201859C42}
		{35AF3E25-4130-4CEC-B962-0EAFF1F82577} = {4EE43467-319B-483C-A256-35D76C218160}
		{BE9D4E57-20C6-4384-A3DC-AA365E11FFD2} = {F860D526-C1CE-4FDC-A871-202201859C42}
		{78F31888-C600-4D5D-9843-13D023893490} = {F860D526-C1CE-4FDC-A871-202201859C42}
		{CB42F317-C954-4B0E-A6D1-661DEE2137EF} = {F860D526-C1CE-4FDC-A871-202201859C42}
		{9879EFC5-348F-4240-A7A8-CE1CB6F252A3} = {91298215-12A5-4194-B848-1D6ABBFC586E}
		{4E693BB2-7B94-4ECC-B44D-628597183750} = {18031338-5A00-4AFC-9476-6C491B31B66C}
		{B2045CAE-2D97-4CB1-931C-55837CC77699} = {F860D526-C1CE-4FDC-A871-202201859C42}
		{316FF340-BA00-4C4F-816B-16959A87725D} = {2892E6F7-EABE-4E6C-80A4-0352D83FAB13}
		{0BE25AA8-DF4D-4473-A52F-15E7C8DF180B} = {18031338-5A00-4AFC-9476-6C491B31B66C}
		{F860D526-C1CE-4FDC-A871-202201859C42} = {BBF8A7B6-7027-4200-ACD5-04ED1A8584F7}
		{18031338-5A00-4AFC-9476-6C491B31B66C} = {BBF8A7B6-7027-4200-ACD5-04ED1A8584F7}
		{91298215-12A5-4194-B848-1D6ABBFC586E} = {BBF8A7B6-7027-4200-ACD5-04ED1A8584F7}
		{2892E6F7-EABE-4E6C-80A4-0352D83FAB13} = {BBF8A7B6-7027-4200-ACD5-04ED1A8584F7}
		{EC7DFF61-A735-4942-8125-F9C9A8EA9EFA} = {BBF8A7B6-7027-4200-ACD5-04ED1A8584F7}
		{4EE43467-319B-483C-A256-35D76C218160} = {BBF8A7B6-7027-4200-ACD5-04ED1A8584F7}
		{16B6E638-E21D-4B8A-88B0-4BBA25E95913} = {4EE43467-319B-483C-A256-35D76C218160}
		{56E9D96B-5944-4C2E-876B-CBA44B1465AC} = {18031338-5A00-4AFC-9476-6C491B31B66C}
		{5E696803-9EEE-4C9E-8FC1-04693B0E171E} = {EC7DFF61-A735-4942-8125-F9C9A8EA9EFA}
		{11F82973-690A-48A9-8CB8-BD97E0024E2C} = {FAF78A7D-B7F6-4302-88E9-4B1E7AAC3552}
		{B0470637-949C-4A41-9C8C-0CE46561037F} = {F860D526-C1CE-4FDC-A871-202201859C42}
		{14DF9AF3-F142-4133-A857-BFBC679421DF} = {F860D526-C1CE-4FDC-A871-202201859C42}
		{924AAFFE-5B89-49E2-99AD-EC9373CC838D} = {FAF78A7D-B7F6-4302-88E9-4B1E7AAC3552}
		{CA2C668C-1C3F-4C44-9034-99848AFE47BA} = {91298215-12A5-4194-B848-1D6ABBFC586E}
		{825B6521-94B8-4C8A-9709-3CA2ABFE70D7} = {91298215-12A5-4194-B848-1D6ABBFC586E}
	EndGlobalSection
	GlobalSection(ExtensibilityGlobals) = postSolution
		SolutionGuid = {63FB9C43-D26C-4159-82EE-CECE7D2AA44F}
	EndGlobalSection
	GlobalSection(SubversionScc) = preSolution
		Svn-Managed = True
		Manager = AnkhSVN - Subversion Support for Visual Studio
	EndGlobalSection
EndGlobal
