Microsoft Visual Studio Solution File, Format Version 8.00
Project("{FAE04EC0-301F-11D3-BF4B-00C04F79EFBC}") = "DirectShowLib", "DirectShowLib.csproj", "{CE009BFA-5EF6-4153-B2A1-2FA79698A9AE}"
	ProjectSection(ProjectDependencies) = postProject
	EndProjectSection
EndProject
Global
	GlobalSection(SolutionConfiguration) = preSolution
		Debug = Debug
		Release = Release
	EndGlobalSection
	GlobalSection(ProjectConfiguration) = postSolution
		{CE009BFA-5EF6-4153-B2A1-2FA79698A9AE}.Debug.ActiveCfg = Debug|.NET
		{CE009BFA-5EF6-4153-B2A1-2FA79698A9AE}.Debug.Build.0 = Debug|.NET
		{CE009BFA-5EF6-4153-B2A1-2FA79698A9AE}.Release.ActiveCfg = Release|.NET
		{CE009BFA-5EF6-4153-B2A1-2FA79698A9AE}.Release.Build.0 = Release|.NET
	EndGlobalSection
	GlobalSection(ExtensibilityGlobals) = postSolution
	EndGlobalSection
	GlobalSection(ExtensibilityAddIns) = postSolution
	EndGlobalSection
EndGlobal
