
Microsoft Visual Studio Solution File, Format Version 12.00
# Visual Studio 2012
Project("{FAE04EC0-301F-11D3-BF4B-00C04F79EFBC}") = "CustomFontDialog", "CustomFontDialog\CustomFontDialog.csproj", "{D1EE5A8A-A366-4DB4-B6E0-42EE09C97F1A}"
EndProject
Project("{FAE04EC0-301F-11D3-BF4B-00C04F79EFBC}") = "TestProject", "TestProject\TestProject.csproj", "{B54B8A9A-E618-486F-A011-F466FBA0A3CD}"
EndProject
Global
	GlobalSection(SolutionConfigurationPlatforms) = preSolution
		Debug|Any CPU = Debug|Any CPU
		Release|Any CPU = Release|Any CPU
	EndGlobalSection
	GlobalSection(ProjectConfigurationPlatforms) = postSolution
		{D1EE5A8A-A366-4DB4-B6E0-42EE09C97F1A}.Debug|Any CPU.ActiveCfg = Debug|Any CPU
		{D1EE5A8A-A366-4DB4-B6E0-42EE09C97F1A}.Debug|Any CPU.Build.0 = Debug|Any CPU
		{D1EE5A8A-A366-4DB4-B6E0-42EE09C97F1A}.Release|Any CPU.ActiveCfg = Release|Any CPU
		{D1EE5A8A-A366-4DB4-B6E0-42EE09C97F1A}.Release|Any CPU.Build.0 = Release|Any CPU
		{B54B8A9A-E618-486F-A011-F466FBA0A3CD}.Debug|Any CPU.ActiveCfg = Debug|Any CPU
		{B54B8A9A-E618-486F-A011-F466FBA0A3CD}.Debug|Any CPU.Build.0 = Debug|Any CPU
		{B54B8A9A-E618-486F-A011-F466FBA0A3CD}.Release|Any CPU.ActiveCfg = Release|Any CPU
		{B54B8A9A-E618-486F-A011-F466FBA0A3CD}.Release|Any CPU.Build.0 = Release|Any CPU
	EndGlobalSection
	GlobalSection(SolutionProperties) = preSolution
		HideSolutionNode = FALSE
	EndGlobalSection
EndGlobal
